
Microsoft Visual Studio Solution File, Format Version 12.00
# Visual Studio Version 16
VisualStudioVersion = 16.0.29926.136
MinimumVisualStudioVersion = 10.0.40219.1
Project("{9A19103F-16F7-4668-BE54-9A1E7A4F7556}") = "MovieRent", "MovieRent\MovieRent.csproj", "{5EFFB6E0-43E9-4A3C-8E62-0B5D9210E0CA}"
EndProject
Project("{E53339B2-1760-4266-BCC7-CA923CBCF16C}") = "docker-compose", "docker-compose.dcproj", "{831F525A-EA5D-4536-87FE-5D3729B9C090}"
EndProject
Global
	GlobalSection(SolutionConfigurationPlatforms) = preSolution
		Debug|Any CPU = Debug|Any CPU
		Release|Any CPU = Release|Any CPU
	EndGlobalSection
	GlobalSection(ProjectConfigurationPlatforms) = postSolution
		{5EFFB6E0-43E9-4A3C-8E62-0B5D9210E0CA}.Debug|Any CPU.ActiveCfg = Debug|Any CPU
		{5EFFB6E0-43E9-4A3C-8E62-0B5D9210E0CA}.Debug|Any CPU.Build.0 = Debug|Any CPU
		{5EFFB6E0-43E9-4A3C-8E62-0B5D9210E0CA}.Release|Any CPU.ActiveCfg = Release|Any CPU
		{5EFFB6E0-43E9-4A3C-8E62-0B5D9210E0CA}.Release|Any CPU.Build.0 = Release|Any CPU
		{831F525A-EA5D-4536-87FE-5D3729B9C090}.Debug|Any CPU.ActiveCfg = Debug|Any CPU
		{831F525A-EA5D-4536-87FE-5D3729B9C090}.Debug|Any CPU.Build.0 = Debug|Any CPU
		{831F525A-EA5D-4536-87FE-5D3729B9C090}.Release|Any CPU.ActiveCfg = Release|Any CPU
		{831F525A-EA5D-4536-87FE-5D3729B9C090}.Release|Any CPU.Build.0 = Release|Any CPU
	EndGlobalSection
	GlobalSection(SolutionProperties) = preSolution
		HideSolutionNode = FALSE
	EndGlobalSection
	GlobalSection(ExtensibilityGlobals) = postSolution
		SolutionGuid = {264D08C0-9C84-41A8-8AC8-C42F7B4C4FC5}
	EndGlobalSection
EndGlobal
